
Microsoft Visual Studio Solution File, Format Version 12.00
# Visual Studio Version 16
VisualStudioVersion = 16.0.31025.194
MinimumVisualStudioVersion = 10.0.40219.1
Project("{FAE04EC0-301F-11D3-BF4B-00C04F79EFBC}") = "Movie-Management", "Movie-Management\Movie-Management.csproj", "{63FE3AA3-540A-45DF-AE85-DECB1EC7D68D}"
EndProject
Global
	GlobalSection(SolutionConfigurationPlatforms) = preSolution
		Debug|Any CPU = Debug|Any CPU
		Release|Any CPU = Release|Any CPU
	EndGlobalSection
	GlobalSection(ProjectConfigurationPlatforms) = postSolution
		{63FE3AA3-540A-45DF-AE85-DECB1EC7D68D}.Debug|Any CPU.ActiveCfg = Debug|Any CPU
		{63FE3AA3-540A-45DF-AE85-DECB1EC7D68D}.Debug|Any CPU.Build.0 = Debug|Any CPU
		{63FE3AA3-540A-45DF-AE85-DECB1EC7D68D}.Release|Any CPU.ActiveCfg = Release|Any CPU
		{63FE3AA3-540A-45DF-AE85-DECB1EC7D68D}.Release|Any CPU.Build.0 = Release|Any CPU
	EndGlobalSection
	GlobalSection(SolutionProperties) = preSolution
		HideSolutionNode = FALSE
	EndGlobalSection
	GlobalSection(ExtensibilityGlobals) = postSolution
		SolutionGuid = {A1FA0C42-B8D3-4B1D-B483-DD502E3BFFC8}
	EndGlobalSection
EndGlobal
